
Microsoft Visual Studio Solution File, Format Version 12.00
# Visual Studio Version 17
VisualStudioVersion = 17.0.31903.59
MinimumVisualStudioVersion = 10.0.40219.1
Project("{2150E333-8FDC-42A3-9474-1A3956D46DE8}") = "Solution Items", "Solution Items", "{B9BF56EB-DB41-44F8-94C1-8298EC97695A}"
	ProjectSection(SolutionItems) = preProject
		.editorconfig = .editorconfig
		.gitignore = .gitignore
	EndProjectSection
EndProject
Project("{2150E333-8FDC-42A3-9474-1A3956D46DE8}") = "Template", "Template", "{BD5B6173-11CA-4D07-98FC-2F046DD2C7AD}"
EndProject
Project("{2150E333-8FDC-42A3-9474-1A3956D46DE8}") = "Source", "Source", "{783DD08F-25EE-483E-9768-080A88E1F0F8}"
EndProject
Project("{2150E333-8FDC-42A3-9474-1A3956D46DE8}") = "Tests", "Tests", "{D2F53059-A6C9-41C8-9EFC-B4407B37C50B}"
EndProject
Project("{FAE04EC0-301F-11D3-BF4B-00C04F79EFBC}") = "Backend", "src\backend\Source\Backend.csproj", "{2057EBA7-0D2B-431F-A3DB-4DC434CE2FB7}"
EndProject
Project("{FAE04EC0-301F-11D3-BF4B-00C04F79EFBC}") = "Backend.Tests", "src\backend\Tests\Backend.Tests.csproj", "{D9048E0B-E512-477F-984F-30955A732EA5}"
EndProject
Project("{2150E333-8FDC-42A3-9474-1A3956D46DE8}") = "Tool", "Tool", "{2D2FAFBD-DF30-4BD7-A63E-9A715D5898EC}"
EndProject
Project("{FAE04EC0-301F-11D3-BF4B-00C04F79EFBC}") = "EasyForNetTool", "tool\EasyForNetTool\EasyForNetTool.csproj", "{959AF446-18B7-4D01-9E21-68FE381C63A7}"
EndProject
Project("{FAE04EC0-301F-11D3-BF4B-00C04F79EFBC}") = "EasyForNetTool.Tests", "tool\EasyForNetTool.Tests\EasyForNetTool.Tests.csproj", "{E2BCB2E4-B9AE-4842-B25C-61012E0EB530}"
EndProject
Global
	GlobalSection(SolutionConfigurationPlatforms) = preSolution
		Debug|Any CPU = Debug|Any CPU
		Release|Any CPU = Release|Any CPU
	EndGlobalSection
	GlobalSection(ProjectConfigurationPlatforms) = postSolution
		{2057EBA7-0D2B-431F-A3DB-4DC434CE2FB7}.Debug|Any CPU.ActiveCfg = Debug|Any CPU
		{2057EBA7-0D2B-431F-A3DB-4DC434CE2FB7}.Debug|Any CPU.Build.0 = Debug|Any CPU
		{2057EBA7-0D2B-431F-A3DB-4DC434CE2FB7}.Release|Any CPU.ActiveCfg = Release|Any CPU
		{2057EBA7-0D2B-431F-A3DB-4DC434CE2FB7}.Release|Any CPU.Build.0 = Release|Any CPU
		{D9048E0B-E512-477F-984F-30955A732EA5}.Debug|Any CPU.ActiveCfg = Debug|Any CPU
		{D9048E0B-E512-477F-984F-30955A732EA5}.Debug|Any CPU.Build.0 = Debug|Any CPU
		{D9048E0B-E512-477F-984F-30955A732EA5}.Release|Any CPU.ActiveCfg = Release|Any CPU
		{D9048E0B-E512-477F-984F-30955A732EA5}.Release|Any CPU.Build.0 = Release|Any CPU
		{959AF446-18B7-4D01-9E21-68FE381C63A7}.Debug|Any CPU.ActiveCfg = Debug|Any CPU
		{959AF446-18B7-4D01-9E21-68FE381C63A7}.Debug|Any CPU.Build.0 = Debug|Any CPU
		{959AF446-18B7-4D01-9E21-68FE381C63A7}.Release|Any CPU.ActiveCfg = Release|Any CPU
		{959AF446-18B7-4D01-9E21-68FE381C63A7}.Release|Any CPU.Build.0 = Release|Any CPU
		{E2BCB2E4-B9AE-4842-B25C-61012E0EB530}.Debug|Any CPU.ActiveCfg = Debug|Any CPU
		{E2BCB2E4-B9AE-4842-B25C-61012E0EB530}.Debug|Any CPU.Build.0 = Debug|Any CPU
		{E2BCB2E4-B9AE-4842-B25C-61012E0EB530}.Release|Any CPU.ActiveCfg = Release|Any CPU
		{E2BCB2E4-B9AE-4842-B25C-61012E0EB530}.Release|Any CPU.Build.0 = Release|Any CPU
	EndGlobalSection
	GlobalSection(SolutionProperties) = preSolution
		HideSolutionNode = FALSE
	EndGlobalSection
	GlobalSection(NestedProjects) = preSolution
		{783DD08F-25EE-483E-9768-080A88E1F0F8} = {BD5B6173-11CA-4D07-98FC-2F046DD2C7AD}
		{D2F53059-A6C9-41C8-9EFC-B4407B37C50B} = {BD5B6173-11CA-4D07-98FC-2F046DD2C7AD}
		{2057EBA7-0D2B-431F-A3DB-4DC434CE2FB7} = {783DD08F-25EE-483E-9768-080A88E1F0F8}
		{D9048E0B-E512-477F-984F-30955A732EA5} = {D2F53059-A6C9-41C8-9EFC-B4407B37C50B}
		{959AF446-18B7-4D01-9E21-68FE381C63A7} = {2D2FAFBD-DF30-4BD7-A63E-9A715D5898EC}
		{E2BCB2E4-B9AE-4842-B25C-61012E0EB530} = {2D2FAFBD-DF30-4BD7-A63E-9A715D5898EC}
	EndGlobalSection
	GlobalSection(ExtensibilityGlobals) = postSolution
		SolutionGuid = {B84E30D5-A40C-4773-88D1-4B1191EF5197}
	EndGlobalSection
EndGlobal
