
Microsoft Visual Studio Solution File, Format Version 12.00
# Visual Studio Version 17
VisualStudioVersion = 17.0.31903.59
MinimumVisualStudioVersion = 10.0.40219.1
Project("{2150E333-8FDC-42A3-9474-1A3956D46DE8}") = "Solution Items", "Solution Items", "{B9BF56EB-DB41-44F8-94C1-8298EC97695A}"
	ProjectSection(SolutionItems) = preProject
		.editorconfig = .editorconfig
		.gitignore = .gitignore
	EndProjectSection
EndProject
Project("{2150E333-8FDC-42A3-9474-1A3956D46DE8}") = "Template", "Template", "{BD5B6173-11CA-4D07-98FC-2F046DD2C7AD}"
EndProject
Project("{2150E333-8FDC-42A3-9474-1A3956D46DE8}") = "Source", "Source", "{783DD08F-25EE-483E-9768-080A88E1F0F8}"
EndProject
Project("{2150E333-8FDC-42A3-9474-1A3956D46DE8}") = "Tests", "Tests", "{D2F53059-A6C9-41C8-9EFC-B4407B37C50B}"
EndProject
Project("{9A19103F-16F7-4668-BE54-9A1E7A4F7556}") = "Backend", "Template\Backend\Source\Backend.csproj", "{FB3FE6EC-3C5F-4EB3-AF26-BD2E75010B7E}"
EndProject
Project("{9A19103F-16F7-4668-BE54-9A1E7A4F7556}") = "Tests", "Template\Backend\Tests\Tests.csproj", "{8ADDC49C-BBE3-45BA-B6EE-C7211C0970BA}"
EndProject
Global
	GlobalSection(SolutionConfigurationPlatforms) = preSolution
		Debug|Any CPU = Debug|Any CPU
		Release|Any CPU = Release|Any CPU
	EndGlobalSection
	GlobalSection(ProjectConfigurationPlatforms) = postSolution
		{FB3FE6EC-3C5F-4EB3-AF26-BD2E75010B7E}.Debug|Any CPU.ActiveCfg = Debug|Any CPU
		{FB3FE6EC-3C5F-4EB3-AF26-BD2E75010B7E}.Debug|Any CPU.Build.0 = Debug|Any CPU
		{FB3FE6EC-3C5F-4EB3-AF26-BD2E75010B7E}.Release|Any CPU.ActiveCfg = Release|Any CPU
		{FB3FE6EC-3C5F-4EB3-AF26-BD2E75010B7E}.Release|Any CPU.Build.0 = Release|Any CPU
		{8ADDC49C-BBE3-45BA-B6EE-C7211C0970BA}.Debug|Any CPU.ActiveCfg = Debug|Any CPU
		{8ADDC49C-BBE3-45BA-B6EE-C7211C0970BA}.Debug|Any CPU.Build.0 = Debug|Any CPU
		{8ADDC49C-BBE3-45BA-B6EE-C7211C0970BA}.Release|Any CPU.ActiveCfg = Release|Any CPU
		{8ADDC49C-BBE3-45BA-B6EE-C7211C0970BA}.Release|Any CPU.Build.0 = Release|Any CPU
	EndGlobalSection
	GlobalSection(SolutionProperties) = preSolution
		HideSolutionNode = FALSE
	EndGlobalSection
	GlobalSection(NestedProjects) = preSolution
		{783DD08F-25EE-483E-9768-080A88E1F0F8} = {BD5B6173-11CA-4D07-98FC-2F046DD2C7AD}
		{D2F53059-A6C9-41C8-9EFC-B4407B37C50B} = {BD5B6173-11CA-4D07-98FC-2F046DD2C7AD}
		{FB3FE6EC-3C5F-4EB3-AF26-BD2E75010B7E} = {783DD08F-25EE-483E-9768-080A88E1F0F8}
		{8ADDC49C-BBE3-45BA-B6EE-C7211C0970BA} = {D2F53059-A6C9-41C8-9EFC-B4407B37C50B}
	EndGlobalSection
	GlobalSection(ExtensibilityGlobals) = postSolution
		SolutionGuid = {B84E30D5-A40C-4773-88D1-4B1191EF5197}
	EndGlobalSection
EndGlobal
