
Microsoft Visual Studio Solution File, Format Version 12.00
# Visual Studio Version 17
VisualStudioVersion = 17.0.31903.59
MinimumVisualStudioVersion = 10.0.40219.1
Project("{9A19103F-16F7-4668-BE54-9A1E7A4F7556}") = "FastEndpointsTool", "FastEndpointsTool\FastEndpointsTool.csproj", "{7D38BB35-1543-4AE4-849F-1282D4D227BE}"
EndProject
Project("{FAE04EC0-301F-11D3-BF4B-00C04F79EFBC}") = "FastEndpointsTool.Tests", "FastEndpointsTool.Tests\FastEndpointsTool.Tests.csproj", "{1C1B060B-ABEF-4CCD-9302-906E09514D5C}"
EndProject
Global
	GlobalSection(SolutionConfigurationPlatforms) = preSolution
		Debug|Any CPU = Debug|Any CPU
		Release|Any CPU = Release|Any CPU
	EndGlobalSection
	GlobalSection(ProjectConfigurationPlatforms) = postSolution
		{7D38BB35-1543-4AE4-849F-1282D4D227BE}.Debug|Any CPU.ActiveCfg = Debug|Any CPU
		{7D38BB35-1543-4AE4-849F-1282D4D227BE}.Debug|Any CPU.Build.0 = Debug|Any CPU
		{7D38BB35-1543-4AE4-849F-1282D4D227BE}.Release|Any CPU.ActiveCfg = Release|Any CPU
		{7D38BB35-1543-4AE4-849F-1282D4D227BE}.Release|Any CPU.Build.0 = Release|Any CPU
		{1C1B060B-ABEF-4CCD-9302-906E09514D5C}.Debug|Any CPU.ActiveCfg = Debug|Any CPU
		{1C1B060B-ABEF-4CCD-9302-906E09514D5C}.Debug|Any CPU.Build.0 = Debug|Any CPU
		{1C1B060B-ABEF-4CCD-9302-906E09514D5C}.Release|Any CPU.ActiveCfg = Release|Any CPU
		{1C1B060B-ABEF-4CCD-9302-906E09514D5C}.Release|Any CPU.Build.0 = Release|Any CPU
	EndGlobalSection
	GlobalSection(SolutionProperties) = preSolution
		HideSolutionNode = FALSE
	EndGlobalSection
	GlobalSection(ExtensibilityGlobals) = postSolution
		SolutionGuid = {B84E30D5-A40C-4773-88D1-4B1191EF5197}
	EndGlobalSection
EndGlobal
